
Microsoft Visual Studio Solution File, Format Version 12.00
# Visual Studio Version 17
VisualStudioVersion = 17.5.2.0
MinimumVisualStudioVersion = 10.0.40219.1
Project("{FAE04EC0-301F-11D3-BF4B-00C04F79EFBC}") = "BankApi", "BankApi.csproj", "{D74ADB5A-2F0F-F809-DF57-5F5BEAFF4C57}"
EndProject
Project("{FAE04EC0-301F-11D3-BF4B-00C04F79EFBC}") = "BankApi.Tests", "BankApi.Tests\BankApi.Tests.csproj", "{25C75606-7974-48CA-A7FB-CCDDC470C21F}"
EndProject
Global
	GlobalSection(SolutionConfigurationPlatforms) = preSolution
		Debug|Any CPU = Debug|Any CPU
		Debug|x64 = Debug|x64
		Debug|x86 = Debug|x86
		Release|Any CPU = Release|Any CPU
		Release|x64 = Release|x64
		Release|x86 = Release|x86
	EndGlobalSection
	GlobalSection(ProjectConfigurationPlatforms) = postSolution
		{D74ADB5A-2F0F-F809-DF57-5F5BEAFF4C57}.Debug|Any CPU.ActiveCfg = Debug|Any CPU
		{D74ADB5A-2F0F-F809-DF57-5F5BEAFF4C57}.Debug|Any CPU.Build.0 = Debug|Any CPU
		{D74ADB5A-2F0F-F809-DF57-5F5BEAFF4C57}.Debug|x64.ActiveCfg = Debug|Any CPU
		{D74ADB5A-2F0F-F809-DF57-5F5BEAFF4C57}.Debug|x64.Build.0 = Debug|Any CPU
		{D74ADB5A-2F0F-F809-DF57-5F5BEAFF4C57}.Debug|x86.ActiveCfg = Debug|Any CPU
		{D74ADB5A-2F0F-F809-DF57-5F5BEAFF4C57}.Debug|x86.Build.0 = Debug|Any CPU
		{D74ADB5A-2F0F-F809-DF57-5F5BEAFF4C57}.Release|Any CPU.ActiveCfg = Release|Any CPU
		{D74ADB5A-2F0F-F809-DF57-5F5BEAFF4C57}.Release|Any CPU.Build.0 = Release|Any CPU
		{D74ADB5A-2F0F-F809-DF57-5F5BEAFF4C57}.Release|x64.ActiveCfg = Release|Any CPU
		{D74ADB5A-2F0F-F809-DF57-5F5BEAFF4C57}.Release|x64.Build.0 = Release|Any CPU
		{D74ADB5A-2F0F-F809-DF57-5F5BEAFF4C57}.Release|x86.ActiveCfg = Release|Any CPU
		{D74ADB5A-2F0F-F809-DF57-5F5BEAFF4C57}.Release|x86.Build.0 = Release|Any CPU
		{25C75606-7974-48CA-A7FB-CCDDC470C21F}.Debug|Any CPU.ActiveCfg = Debug|Any CPU
		{25C75606-7974-48CA-A7FB-CCDDC470C21F}.Debug|Any CPU.Build.0 = Debug|Any CPU
		{25C75606-7974-48CA-A7FB-CCDDC470C21F}.Debug|x64.ActiveCfg = Debug|Any CPU
		{25C75606-7974-48CA-A7FB-CCDDC470C21F}.Debug|x64.Build.0 = Debug|Any CPU
		{25C75606-7974-48CA-A7FB-CCDDC470C21F}.Debug|x86.ActiveCfg = Debug|Any CPU
		{25C75606-7974-48CA-A7FB-CCDDC470C21F}.Debug|x86.Build.0 = Debug|Any CPU
		{25C75606-7974-48CA-A7FB-CCDDC470C21F}.Release|Any CPU.ActiveCfg = Release|Any CPU
		{25C75606-7974-48CA-A7FB-CCDDC470C21F}.Release|Any CPU.Build.0 = Release|Any CPU
		{25C75606-7974-48CA-A7FB-CCDDC470C21F}.Release|x64.ActiveCfg = Release|Any CPU
		{25C75606-7974-48CA-A7FB-CCDDC470C21F}.Release|x64.Build.0 = Release|Any CPU
		{25C75606-7974-48CA-A7FB-CCDDC470C21F}.Release|x86.ActiveCfg = Release|Any CPU
		{25C75606-7974-48CA-A7FB-CCDDC470C21F}.Release|x86.Build.0 = Release|Any CPU
	EndGlobalSection
	GlobalSection(SolutionProperties) = preSolution
		HideSolutionNode = FALSE
	EndGlobalSection
	GlobalSection(ExtensibilityGlobals) = postSolution
		SolutionGuid = {A41F2E9E-7DD6-4BFA-A4B6-AE974E8F97A4}
	EndGlobalSection
EndGlobal
